// !$*UTF8*$!
{
	archiveVersion = 1;
	classes = {
	};
	objectVersion = 56;
	objects = {

/* Begin PBXBuildFile section */
		84882F112A50C67100B795A3 /* AppDelegate.swift in Sources */ = {isa = PBXBuildFile; fileRef = 84882F102A50C67100B795A3 /* AppDelegate.swift */; };
		84882F132A50C67100B795A3 /* SceneDelegate.swift in Sources */ = {isa = PBXBuildFile; fileRef = 84882F122A50C67100B795A3 /* SceneDelegate.swift */; };
		84882F152A50C67100B795A3 /* Extention.swift in Sources */ = {isa = PBXBuildFile; fileRef = 84882F142A50C67100B795A3 /* Extention.swift */; };
		84882F1A2A50C67800B795A3 /* Assets.xcassets in Resources */ = {isa = PBXBuildFile; fileRef = 84882F192A50C67800B795A3 /* Assets.xcassets */; };
		84882F1D2A50C67800B795A3 /* LaunchScreen.storyboard in Resources */ = {isa = PBXBuildFile; fileRef = 84882F1B2A50C67800B795A3 /* LaunchScreen.storyboard */; };
		84882F252A50C7A200B795A3 /* FeedViewController.swift in Sources */ = {isa = PBXBuildFile; fileRef = 84882F242A50C7A200B795A3 /* FeedViewController.swift */; };
		84882F272A50C81500B795A3 /* InfoViewController.swift in Sources */ = {isa = PBXBuildFile; fileRef = 84882F262A50C81500B795A3 /* InfoViewController.swift */; };
		84882F2A2A50C86700B795A3 /* PostViewController.swift in Sources */ = {isa = PBXBuildFile; fileRef = 84882F292A50C86700B795A3 /* PostViewController.swift */; };
		84882F2D2A50C93300B795A3 /* ProfileHeaderView.swift in Sources */ = {isa = PBXBuildFile; fileRef = 84882F2C2A50C93300B795A3 /* ProfileHeaderView.swift */; };
		84882F412A50CA6100B795A3 /* CustomCollectionGalery.swift in Sources */ = {isa = PBXBuildFile; fileRef = 84882F3F2A50CA6100B795A3 /* CustomCollectionGalery.swift */; };
		84882F422A50CA6100B795A3 /* PhotoViewController.swift in Sources */ = {isa = PBXBuildFile; fileRef = 84882F402A50CA6100B795A3 /* PhotoViewController.swift */; };
		84882F442A50CA7100B795A3 /* UIView +Extention.swift in Sources */ = {isa = PBXBuildFile; fileRef = 84882F432A50CA7000B795A3 /* UIView +Extention.swift */; };
		84882F492A50CCC800B795A3 /* PostModel.swift in Sources */ = {isa = PBXBuildFile; fileRef = 84882F452A50CCC700B795A3 /* PostModel.swift */; };
		84882F4A2A50CCC800B795A3 /* PostTableViewCell.swift in Sources */ = {isa = PBXBuildFile; fileRef = 84882F462A50CCC700B795A3 /* PostTableViewCell.swift */; };
		84882F4B2A50CCC800B795A3 /* ProfileViewController.swift in Sources */ = {isa = PBXBuildFile; fileRef = 84882F472A50CCC800B795A3 /* ProfileViewController.swift */; };
		84882F4C2A50CCC800B795A3 /* PhotosTableViewCell.swift in Sources */ = {isa = PBXBuildFile; fileRef = 84882F482A50CCC800B795A3 /* PhotosTableViewCell.swift */; };
		84882F4F2A50CCD000B795A3 /* PhotosModel.swift in Sources */ = {isa = PBXBuildFile; fileRef = 84882F4D2A50CCD000B795A3 /* PhotosModel.swift */; };
		84882F502A50CCD000B795A3 /* LoginViewController.swift in Sources */ = {isa = PBXBuildFile; fileRef = 84882F4E2A50CCD000B795A3 /* LoginViewController.swift */; };
		84882F522A50CCD700B795A3 /* CustomCollectionViewCell.swift in Sources */ = {isa = PBXBuildFile; fileRef = 84882F512A50CCD700B795A3 /* CustomCollectionViewCell.swift */; };
		848BB3312A5891EF00C3224E /* AdditionalViewController.swift in Sources */ = {isa = PBXBuildFile; fileRef = 848BB3302A5891EF00C3224E /* AdditionalViewController.swift */; };
/* End PBXBuildFile section */

/* Begin PBXFileReference section */
		84882F0D2A50C67100B795A3 /* Diplom.app */ = {isa = PBXFileReference; explicitFileType = wrapper.application; includeInIndex = 0; path = Diplom.app; sourceTree = BUILT_PRODUCTS_DIR; };
		84882F102A50C67100B795A3 /* AppDelegate.swift */ = {isa = PBXFileReference; lastKnownFileType = sourcecode.swift; path = AppDelegate.swift; sourceTree = "<group>"; };
		84882F122A50C67100B795A3 /* SceneDelegate.swift */ = {isa = PBXFileReference; lastKnownFileType = sourcecode.swift; path = SceneDelegate.swift; sourceTree = "<group>"; };
		84882F142A50C67100B795A3 /* Extention.swift */ = {isa = PBXFileReference; lastKnownFileType = sourcecode.swift; path = Extention.swift; sourceTree = "<group>"; };
		84882F192A50C67800B795A3 /* Assets.xcassets */ = {isa = PBXFileReference; lastKnownFileType = folder.assetcatalog; path = Assets.xcassets; sourceTree = "<group>"; };
		84882F1C2A50C67800B795A3 /* Base */ = {isa = PBXFileReference; lastKnownFileType = file.storyboard; name = Base; path = Base.lproj/LaunchScreen.storyboard; sourceTree = "<group>"; };
		84882F1E2A50C67800B795A3 /* Info.plist */ = {isa = PBXFileReference; lastKnownFileType = text.plist.xml; path = Info.plist; sourceTree = "<group>"; };
		84882F242A50C7A200B795A3 /* FeedViewController.swift */ = {isa = PBXFileReference; lastKnownFileType = sourcecode.swift; path = FeedViewController.swift; sourceTree = "<group>"; };
		84882F262A50C81500B795A3 /* InfoViewController.swift */ = {isa = PBXFileReference; lastKnownFileType = sourcecode.swift; path = InfoViewController.swift; sourceTree = "<group>"; };
		84882F292A50C86700B795A3 /* PostViewController.swift */ = {isa = PBXFileReference; lastKnownFileType = sourcecode.swift; path = PostViewController.swift; sourceTree = "<group>"; };
		84882F2C2A50C93300B795A3 /* ProfileHeaderView.swift */ = {isa = PBXFileReference; fileEncoding = 4; lastKnownFileType = sourcecode.swift; path = ProfileHeaderView.swift; sourceTree = "<group>"; };
		84882F3F2A50CA6100B795A3 /* CustomCollectionGalery.swift */ = {isa = PBXFileReference; fileEncoding = 4; lastKnownFileType = sourcecode.swift; path = CustomCollectionGalery.swift; sourceTree = "<group>"; };
		84882F402A50CA6100B795A3 /* PhotoViewController.swift */ = {isa = PBXFileReference; fileEncoding = 4; lastKnownFileType = sourcecode.swift; path = PhotoViewController.swift; sourceTree = "<group>"; };
		84882F432A50CA7000B795A3 /* UIView +Extention.swift */ = {isa = PBXFileReference; fileEncoding = 4; lastKnownFileType = sourcecode.swift; path = "UIView +Extention.swift"; sourceTree = "<group>"; };
		84882F452A50CCC700B795A3 /* PostModel.swift */ = {isa = PBXFileReference; fileEncoding = 4; lastKnownFileType = sourcecode.swift; path = PostModel.swift; sourceTree = "<group>"; };
		84882F462A50CCC700B795A3 /* PostTableViewCell.swift */ = {isa = PBXFileReference; fileEncoding = 4; lastKnownFileType = sourcecode.swift; path = PostTableViewCell.swift; sourceTree = "<group>"; };
		84882F472A50CCC800B795A3 /* ProfileViewController.swift */ = {isa = PBXFileReference; fileEncoding = 4; lastKnownFileType = sourcecode.swift; path = ProfileViewController.swift; sourceTree = "<group>"; };
		84882F482A50CCC800B795A3 /* PhotosTableViewCell.swift */ = {isa = PBXFileReference; fileEncoding = 4; lastKnownFileType = sourcecode.swift; path = PhotosTableViewCell.swift; sourceTree = "<group>"; };
		84882F4D2A50CCD000B795A3 /* PhotosModel.swift */ = {isa = PBXFileReference; fileEncoding = 4; lastKnownFileType = sourcecode.swift; path = PhotosModel.swift; sourceTree = "<group>"; };
		84882F4E2A50CCD000B795A3 /* LoginViewController.swift */ = {isa = PBXFileReference; fileEncoding = 4; lastKnownFileType = sourcecode.swift; path = LoginViewController.swift; sourceTree = "<group>"; };
		84882F512A50CCD700B795A3 /* CustomCollectionViewCell.swift */ = {isa = PBXFileReference; fileEncoding = 4; lastKnownFileType = sourcecode.swift; path = CustomCollectionViewCell.swift; sourceTree = "<group>"; };
		848BB3302A5891EF00C3224E /* AdditionalViewController.swift */ = {isa = PBXFileReference; lastKnownFileType = sourcecode.swift; path = AdditionalViewController.swift; sourceTree = "<group>"; };
/* End PBXFileReference section */

/* Begin PBXFrameworksBuildPhase section */
		84882F0A2A50C67100B795A3 /* Frameworks */ = {
			isa = PBXFrameworksBuildPhase;
			buildActionMask = 2147483647;
			files = (
			);
			runOnlyForDeploymentPostprocessing = 0;
		};
/* End PBXFrameworksBuildPhase section */

/* Begin PBXGroup section */
		84882F042A50C67100B795A3 = {
			isa = PBXGroup;
			children = (
				84882F0F2A50C67100B795A3 /* Diplom */,
				84882F0E2A50C67100B795A3 /* Products */,
			);
			sourceTree = "<group>";
		};
		84882F0E2A50C67100B795A3 /* Products */ = {
			isa = PBXGroup;
			children = (
				84882F0D2A50C67100B795A3 /* Diplom.app */,
			);
			name = Products;
			sourceTree = "<group>";
		};
		84882F0F2A50C67100B795A3 /* Diplom */ = {
			isa = PBXGroup;
			children = (
				84882F102A50C67100B795A3 /* AppDelegate.swift */,
				84882F432A50CA7000B795A3 /* UIView +Extention.swift */,
				84882F122A50C67100B795A3 /* SceneDelegate.swift */,
				84882F192A50C67800B795A3 /* Assets.xcassets */,
				84882F1B2A50C67800B795A3 /* LaunchScreen.storyboard */,
				84882F1E2A50C67800B795A3 /* Info.plist */,
				84882F2B2A50C8B500B795A3 /* Profile */,
				84882F282A50C82300B795A3 /* Feed */,
			);
			path = Diplom;
			sourceTree = "<group>";
		};
		84882F282A50C82300B795A3 /* Feed */ = {
			isa = PBXGroup;
			children = (
				84882F262A50C81500B795A3 /* InfoViewController.swift */,
				84882F242A50C7A200B795A3 /* FeedViewController.swift */,
				84882F292A50C86700B795A3 /* PostViewController.swift */,
			);
			path = Feed;
			sourceTree = "<group>";
		};
		84882F2B2A50C8B500B795A3 /* Profile */ = {
			isa = PBXGroup;
			children = (
				84882F2C2A50C93300B795A3 /* ProfileHeaderView.swift */,
				84882F472A50CCC800B795A3 /* ProfileViewController.swift */,
				84882F482A50CCC800B795A3 /* PhotosTableViewCell.swift */,
				84882F462A50CCC700B795A3 /* PostTableViewCell.swift */,
				84882F512A50CCD700B795A3 /* CustomCollectionViewCell.swift */,
				84882F4E2A50CCD000B795A3 /* LoginViewController.swift */,
				84882F142A50C67100B795A3 /* Extention.swift */,
				848BB3302A5891EF00C3224E /* AdditionalViewController.swift */,
				84882F452A50CCC700B795A3 /* PostModel.swift */,
				84882F3E2A50CA2B00B795A3 /* Galerey */,
			);
			path = Profile;
			sourceTree = "<group>";
		};
		84882F3E2A50CA2B00B795A3 /* Galerey */ = {
			isa = PBXGroup;
			children = (
				84882F4D2A50CCD000B795A3 /* PhotosModel.swift */,
				84882F3F2A50CA6100B795A3 /* CustomCollectionGalery.swift */,
				84882F402A50CA6100B795A3 /* PhotoViewController.swift */,
			);
			path = Galerey;
			sourceTree = "<group>";
		};
/* End PBXGroup section */

/* Begin PBXNativeTarget section */
		84882F0C2A50C67100B795A3 /* Diplom */ = {
			isa = PBXNativeTarget;
			buildConfigurationList = 84882F212A50C67800B795A3 /* Build configuration list for PBXNativeTarget "Diplom" */;
			buildPhases = (
				84882F092A50C67100B795A3 /* Sources */,
				84882F0A2A50C67100B795A3 /* Frameworks */,
				84882F0B2A50C67100B795A3 /* Resources */,
			);
			buildRules = (
			);
			dependencies = (
			);
			name = Diplom;
			productName = Diplom;
			productReference = 84882F0D2A50C67100B795A3 /* Diplom.app */;
			productType = "com.apple.product-type.application";
		};
/* End PBXNativeTarget section */

/* Begin PBXProject section */
		84882F052A50C67100B795A3 /* Project object */ = {
			isa = PBXProject;
			attributes = {
				BuildIndependentTargetsInParallel = 1;
				LastSwiftUpdateCheck = 1430;
				LastUpgradeCheck = 1430;
				TargetAttributes = {
					84882F0C2A50C67100B795A3 = {
						CreatedOnToolsVersion = 14.3;
					};
				};
			};
			buildConfigurationList = 84882F082A50C67100B795A3 /* Build configuration list for PBXProject "Diplom" */;
			compatibilityVersion = "Xcode 14.0";
			developmentRegion = en;
			hasScannedForEncodings = 0;
			knownRegions = (
				en,
				Base,
			);
			mainGroup = 84882F042A50C67100B795A3;
			productRefGroup = 84882F0E2A50C67100B795A3 /* Products */;
			projectDirPath = "";
			projectRoot = "";
			targets = (
				84882F0C2A50C67100B795A3 /* Diplom */,
			);
		};
/* End PBXProject section */

/* Begin PBXResourcesBuildPhase section */
		84882F0B2A50C67100B795A3 /* Resources */ = {
			isa = PBXResourcesBuildPhase;
			buildActionMask = 2147483647;
			files = (
				84882F1D2A50C67800B795A3 /* LaunchScreen.storyboard in Resources */,
				84882F1A2A50C67800B795A3 /* Assets.xcassets in Resources */,
			);
			runOnlyForDeploymentPostprocessing = 0;
		};
/* End PBXResourcesBuildPhase section */

/* Begin PBXSourcesBuildPhase section */
		84882F092A50C67100B795A3 /* Sources */ = {
			isa = PBXSourcesBuildPhase;
			buildActionMask = 2147483647;
			files = (
				84882F2A2A50C86700B795A3 /* PostViewController.swift in Sources */,
				84882F152A50C67100B795A3 /* Extention.swift in Sources */,
				84882F442A50CA7100B795A3 /* UIView +Extention.swift in Sources */,
				84882F112A50C67100B795A3 /* AppDelegate.swift in Sources */,
				84882F412A50CA6100B795A3 /* CustomCollectionGalery.swift in Sources */,
				84882F252A50C7A200B795A3 /* FeedViewController.swift in Sources */,
				84882F2D2A50C93300B795A3 /* ProfileHeaderView.swift in Sources */,
				84882F132A50C67100B795A3 /* SceneDelegate.swift in Sources */,
				84882F522A50CCD700B795A3 /* CustomCollectionViewCell.swift in Sources */,
				848BB3312A5891EF00C3224E /* AdditionalViewController.swift in Sources */,
				84882F4C2A50CCC800B795A3 /* PhotosTableViewCell.swift in Sources */,
				84882F272A50C81500B795A3 /* InfoViewController.swift in Sources */,
				84882F422A50CA6100B795A3 /* PhotoViewController.swift in Sources */,
				84882F4F2A50CCD000B795A3 /* PhotosModel.swift in Sources */,
				84882F502A50CCD000B795A3 /* LoginViewController.swift in Sources */,
				84882F4B2A50CCC800B795A3 /* ProfileViewController.swift in Sources */,
				84882F492A50CCC800B795A3 /* PostModel.swift in Sources */,
				84882F4A2A50CCC800B795A3 /* PostTableViewCell.swift in Sources */,
			);
			runOnlyForDeploymentPostprocessing = 0;
		};
/* End PBXSourcesBuildPhase section */

/* Begin PBXVariantGroup section */
		84882F1B2A50C67800B795A3 /* LaunchScreen.storyboard */ = {
			isa = PBXVariantGroup;
			children = (
				84882F1C2A50C67800B795A3 /* Base */,
			);
			name = LaunchScreen.storyboard;
			sourceTree = "<group>";
		};
/* End PBXVariantGroup section */

/* Begin XCBuildConfiguration section */
		84882F1F2A50C67800B795A3 /* Debug */ = {
			isa = XCBuildConfiguration;
			buildSettings = {
				ALWAYS_SEARCH_USER_PATHS = NO;
				CLANG_ANALYZER_NONNULL = YES;
				CLANG_ANALYZER_NUMBER_OBJECT_CONVERSION = YES_AGGRESSIVE;
				CLANG_CXX_LANGUAGE_STANDARD = "gnu++20";
				CLANG_ENABLE_MODULES = YES;
				CLANG_ENABLE_OBJC_ARC = YES;
				CLANG_ENABLE_OBJC_WEAK = YES;
				CLANG_WARN_BLOCK_CAPTURE_AUTORELEASING = YES;
				CLANG_WARN_BOOL_CONVERSION = YES;
				CLANG_WARN_COMMA = YES;
				CLANG_WARN_CONSTANT_CONVERSION = YES;
				CLANG_WARN_DEPRECATED_OBJC_IMPLEMENTATIONS = YES;
				CLANG_WARN_DIRECT_OBJC_ISA_USAGE = YES_ERROR;
				CLANG_WARN_DOCUMENTATION_COMMENTS = YES;
				CLANG_WARN_EMPTY_BODY = YES;
				CLANG_WARN_ENUM_CONVERSION = YES;
				CLANG_WARN_INFINITE_RECURSION = YES;
				CLANG_WARN_INT_CONVERSION = YES;
				CLANG_WARN_NON_LITERAL_NULL_CONVERSION = YES;
				CLANG_WARN_OBJC_IMPLICIT_RETAIN_SELF = YES;
				CLANG_WARN_OBJC_LITERAL_CONVERSION = YES;
				CLANG_WARN_OBJC_ROOT_CLASS = YES_ERROR;
				CLANG_WARN_QUOTED_INCLUDE_IN_FRAMEWORK_HEADER = YES;
				CLANG_WARN_RANGE_LOOP_ANALYSIS = YES;
				CLANG_WARN_STRICT_PROTOTYPES = YES;
				CLANG_WARN_SUSPICIOUS_MOVE = YES;
				CLANG_WARN_UNGUARDED_AVAILABILITY = YES_AGGRESSIVE;
				CLANG_WARN_UNREACHABLE_CODE = YES;
				CLANG_WARN__DUPLICATE_METHOD_MATCH = YES;
				COPY_PHASE_STRIP = NO;
				DEBUG_INFORMATION_FORMAT = dwarf;
				ENABLE_STRICT_OBJC_MSGSEND = YES;
				ENABLE_TESTABILITY = YES;
				GCC_C_LANGUAGE_STANDARD = gnu11;
				GCC_DYNAMIC_NO_PIC = NO;
				GCC_NO_COMMON_BLOCKS = YES;
				GCC_OPTIMIZATION_LEVEL = 0;
				GCC_PREPROCESSOR_DEFINITIONS = (
					"DEBUG=1",
					"$(inherited)",
				);
				GCC_WARN_64_TO_32_BIT_CONVERSION = YES;
				GCC_WARN_ABOUT_RETURN_TYPE = YES_ERROR;
				GCC_WARN_UNDECLARED_SELECTOR = YES;
				GCC_WARN_UNINITIALIZED_AUTOS = YES_AGGRESSIVE;
				GCC_WARN_UNUSED_FUNCTION = YES;
				GCC_WARN_UNUSED_VARIABLE = YES;
				IPHONEOS_DEPLOYMENT_TARGET = 16.4;
				MTL_ENABLE_DEBUG_INFO = INCLUDE_SOURCE;
				MTL_FAST_MATH = YES;
				ONLY_ACTIVE_ARCH = YES;
				SDKROOT = iphoneos;
				SWIFT_ACTIVE_COMPILATION_CONDITIONS = DEBUG;
				SWIFT_OPTIMIZATION_LEVEL = "-Onone";
			};
			name = Debug;
		};
		84882F202A50C67800B795A3 /* Release */ = {
			isa = XCBuildConfiguration;
			buildSettings = {
				ALWAYS_SEARCH_USER_PATHS = NO;
				CLANG_ANALYZER_NONNULL = YES;
				CLANG_ANALYZER_NUMBER_OBJECT_CONVERSION = YES_AGGRESSIVE;
				CLANG_CXX_LANGUAGE_STANDARD = "gnu++20";
				CLANG_ENABLE_MODULES = YES;
				CLANG_ENABLE_OBJC_ARC = YES;
				CLANG_ENABLE_OBJC_WEAK = YES;
				CLANG_WARN_BLOCK_CAPTURE_AUTORELEASING = YES;
				CLANG_WARN_BOOL_CONVERSION = YES;
				CLANG_WARN_COMMA = YES;
				CLANG_WARN_CONSTANT_CONVERSION = YES;
				CLANG_WARN_DEPRECATED_OBJC_IMPLEMENTATIONS = YES;
				CLANG_WARN_DIRECT_OBJC_ISA_USAGE = YES_ERROR;
				CLANG_WARN_DOCUMENTATION_COMMENTS = YES;
				CLANG_WARN_EMPTY_BODY = YES;
				CLANG_WARN_ENUM_CONVERSION = YES;
				CLANG_WARN_INFINITE_RECURSION = YES;
				CLANG_WARN_INT_CONVERSION = YES;
				CLANG_WARN_NON_LITERAL_NULL_CONVERSION = YES;
				CLANG_WARN_OBJC_IMPLICIT_RETAIN_SELF = YES;
				CLANG_WARN_OBJC_LITERAL_CONVERSION = YES;
				CLANG_WARN_OBJC_ROOT_CLASS = YES_ERROR;
				CLANG_WARN_QUOTED_INCLUDE_IN_FRAMEWORK_HEADER = YES;
				CLANG_WARN_RANGE_LOOP_ANALYSIS = YES;
				CLANG_WARN_STRICT_PROTOTYPES = YES;
				CLANG_WARN_SUSPICIOUS_MOVE = YES;
				CLANG_WARN_UNGUARDED_AVAILABILITY = YES_AGGRESSIVE;
				CLANG_WARN_UNREACHABLE_CODE = YES;
				CLANG_WARN__DUPLICATE_METHOD_MATCH = YES;
				COPY_PHASE_STRIP = NO;
				DEBUG_INFORMATION_FORMAT = "dwarf-with-dsym";
				ENABLE_NS_ASSERTIONS = NO;
				ENABLE_STRICT_OBJC_MSGSEND = YES;
				GCC_C_LANGUAGE_STANDARD = gnu11;
				GCC_NO_COMMON_BLOCKS = YES;
				GCC_WARN_64_TO_32_BIT_CONVERSION = YES;
				GCC_WARN_ABOUT_RETURN_TYPE = YES_ERROR;
				GCC_WARN_UNDECLARED_SELECTOR = YES;
				GCC_WARN_UNINITIALIZED_AUTOS = YES_AGGRESSIVE;
				GCC_WARN_UNUSED_FUNCTION = YES;
				GCC_WARN_UNUSED_VARIABLE = YES;
				IPHONEOS_DEPLOYMENT_TARGET = 16.4;
				MTL_ENABLE_DEBUG_INFO = NO;
				MTL_FAST_MATH = YES;
				SDKROOT = iphoneos;
				SWIFT_COMPILATION_MODE = wholemodule;
				SWIFT_OPTIMIZATION_LEVEL = "-O";
				VALIDATE_PRODUCT = YES;
			};
			name = Release;
		};
		84882F222A50C67800B795A3 /* Debug */ = {
			isa = XCBuildConfiguration;
			buildSettings = {
				ASSETCATALOG_COMPILER_APPICON_NAME = AppIcon;
				ASSETCATALOG_COMPILER_GLOBAL_ACCENT_COLOR_NAME = AccentColor;
				CODE_SIGN_STYLE = Automatic;
				CURRENT_PROJECT_VERSION = 1;
				DEVELOPMENT_TEAM = ZXFZCSBAJQ;
				GENERATE_INFOPLIST_FILE = YES;
				INFOPLIST_FILE = Diplom/Info.plist;
				INFOPLIST_KEY_UIApplicationSupportsIndirectInputEvents = YES;
				INFOPLIST_KEY_UILaunchStoryboardName = LaunchScreen;
				INFOPLIST_KEY_UISupportedInterfaceOrientations_iPad = "UIInterfaceOrientationPortrait UIInterfaceOrientationPortraitUpsideDown UIInterfaceOrientationLandscapeLeft UIInterfaceOrientationLandscapeRight";
				INFOPLIST_KEY_UISupportedInterfaceOrientations_iPhone = "UIInterfaceOrientationPortrait UIInterfaceOrientationLandscapeLeft UIInterfaceOrientationLandscapeRight";
				LD_RUNPATH_SEARCH_PATHS = (
					"$(inherited)",
					"@executable_path/Frameworks",
				);
				MARKETING_VERSION = 1.0;
				PRODUCT_BUNDLE_IDENTIFIER = com.Diplom;
				PRODUCT_NAME = "$(TARGET_NAME)";
				SWIFT_EMIT_LOC_STRINGS = YES;
				SWIFT_VERSION = 5.0;
				TARGETED_DEVICE_FAMILY = "1,2";
			};
			name = Debug;
		};
		84882F232A50C67800B795A3 /* Release */ = {
			isa = XCBuildConfiguration;
			buildSettings = {
				ASSETCATALOG_COMPILER_APPICON_NAME = AppIcon;
				ASSETCATALOG_COMPILER_GLOBAL_ACCENT_COLOR_NAME = AccentColor;
				CODE_SIGN_STYLE = Automatic;
				CURRENT_PROJECT_VERSION = 1;
				DEVELOPMENT_TEAM = ZXFZCSBAJQ;
				GENERATE_INFOPLIST_FILE = YES;
				INFOPLIST_FILE = Diplom/Info.plist;
				INFOPLIST_KEY_UIApplicationSupportsIndirectInputEvents = YES;
				INFOPLIST_KEY_UILaunchStoryboardName = LaunchScreen;
				INFOPLIST_KEY_UISupportedInterfaceOrientations_iPad = "UIInterfaceOrientationPortrait UIInterfaceOrientationPortraitUpsideDown UIInterfaceOrientationLandscapeLeft UIInterfaceOrientationLandscapeRight";
				INFOPLIST_KEY_UISupportedInterfaceOrientations_iPhone = "UIInterfaceOrientationPortrait UIInterfaceOrientationLandscapeLeft UIInterfaceOrientationLandscapeRight";
				LD_RUNPATH_SEARCH_PATHS = (
					"$(inherited)",
					"@executable_path/Frameworks",
				);
				MARKETING_VERSION = 1.0;
				PRODUCT_BUNDLE_IDENTIFIER = com.Diplom;
				PRODUCT_NAME = "$(TARGET_NAME)";
				SWIFT_EMIT_LOC_STRINGS = YES;
				SWIFT_VERSION = 5.0;
				TARGETED_DEVICE_FAMILY = "1,2";
			};
			name = Release;
		};
/* End XCBuildConfiguration section */

/* Begin XCConfigurationList section */
		84882F082A50C67100B795A3 /* Build configuration list for PBXProject "Diplom" */ = {
			isa = XCConfigurationList;
			buildConfigurations = (
				84882F1F2A50C67800B795A3 /* Debug */,
				84882F202A50C67800B795A3 /* Release */,
			);
			defaultConfigurationIsVisible = 0;
			defaultConfigurationName = Release;
		};
		84882F212A50C67800B795A3 /* Build configuration list for PBXNativeTarget "Diplom" */ = {
			isa = XCConfigurationList;
			buildConfigurations = (
				84882F222A50C67800B795A3 /* Debug */,
				84882F232A50C67800B795A3 /* Release */,
			);
			defaultConfigurationIsVisible = 0;
			defaultConfigurationName = Release;
		};
/* End XCConfigurationList section */
	};
	rootObject = 84882F052A50C67100B795A3 /* Project object */;
}
